// !$*UTF8*$!
{
	archiveVersion = 1;
	classes = {
	};
	objectVersion = 56;
	objects = {

/* Begin PBXBuildFile section */
		D4B563E62A06233C007845EB /* TransactionTableViewCellCommon.swift in Sources */ = {isa = PBXBuildFile; fileRef = D4B563E52A06233C007845EB /* TransactionTableViewCellCommon.swift */; };
		D4B563E82A06271B007845EB /* TransactionTableViewCellVM.swift in Sources */ = {isa = PBXBuildFile; fileRef = D4B563E72A06271B007845EB /* TransactionTableViewCellVM.swift */; };
		D4E0C9172A053FE600F990FF /* AppDelegate.swift in Sources */ = {isa = PBXBuildFile; fileRef = D4E0C9162A053FE600F990FF /* AppDelegate.swift */; };
		D4E0C9192A053FE600F990FF /* SceneDelegate.swift in Sources */ = {isa = PBXBuildFile; fileRef = D4E0C9182A053FE600F990FF /* SceneDelegate.swift */; };
		D4E0C9212A053FE600F990FF /* Transactions.xcdatamodeld in Sources */ = {isa = PBXBuildFile; fileRef = D4E0C91F2A053FE600F990FF /* Transactions.xcdatamodeld */; };
		D4E0C9232A053FE700F990FF /* Assets.xcassets in Resources */ = {isa = PBXBuildFile; fileRef = D4E0C9222A053FE700F990FF /* Assets.xcassets */; };
		D4E0C9262A053FE700F990FF /* LaunchScreen.storyboard in Resources */ = {isa = PBXBuildFile; fileRef = D4E0C9242A053FE700F990FF /* LaunchScreen.storyboard */; };
		D4E0C9312A053FE700F990FF /* TransactionsTests.swift in Sources */ = {isa = PBXBuildFile; fileRef = D4E0C9302A053FE700F990FF /* TransactionsTests.swift */; };
		D4E0C93B2A053FE700F990FF /* TransactionsUITests.swift in Sources */ = {isa = PBXBuildFile; fileRef = D4E0C93A2A053FE700F990FF /* TransactionsUITests.swift */; };
		D4E0C93D2A053FE700F990FF /* TransactionsUITestsLaunchTests.swift in Sources */ = {isa = PBXBuildFile; fileRef = D4E0C93C2A053FE700F990FF /* TransactionsUITestsLaunchTests.swift */; };
		D4E0C94B2A0540D400F990FF /* DevToolsCore in Frameworks */ = {isa = PBXBuildFile; productRef = D4E0C94A2A0540D400F990FF /* DevToolsCore */; };
		D4E0C94D2A0540D400F990FF /* DevToolsCoreData in Frameworks */ = {isa = PBXBuildFile; productRef = D4E0C94C2A0540D400F990FF /* DevToolsCoreData */; };
		D4E0C94F2A0540D400F990FF /* DevToolsNavigation in Frameworks */ = {isa = PBXBuildFile; productRef = D4E0C94E2A0540D400F990FF /* DevToolsNavigation */; };
		D4E0C9512A0540D400F990FF /* DevToolsNetworking in Frameworks */ = {isa = PBXBuildFile; productRef = D4E0C9502A0540D400F990FF /* DevToolsNetworking */; };
		D4E0C9532A0540D400F990FF /* DevToolsUI in Frameworks */ = {isa = PBXBuildFile; productRef = D4E0C9522A0540D400F990FF /* DevToolsUI */; };
		D4E0C9562A05410100F990FF /* Swinject in Frameworks */ = {isa = PBXBuildFile; productRef = D4E0C9552A05410100F990FF /* Swinject */; };
		D4E0C95B2A05421F00F990FF /* TransactionsVC.swift in Sources */ = {isa = PBXBuildFile; fileRef = D4E0C95A2A05421F00F990FF /* TransactionsVC.swift */; };
		D4E0C95D2A05423C00F990FF /* TransactionsVM.swift in Sources */ = {isa = PBXBuildFile; fileRef = D4E0C95C2A05423C00F990FF /* TransactionsVM.swift */; };
		D4E0C9602A054BF400F990FF /* TransactionsCommon.swift in Sources */ = {isa = PBXBuildFile; fileRef = D4E0C95F2A054BF400F990FF /* TransactionsCommon.swift */; };
		D4E0C9692A055FFA00F990FF /* BalanceTableViewCell.swift in Sources */ = {isa = PBXBuildFile; fileRef = D4E0C9672A055FFA00F990FF /* BalanceTableViewCell.swift */; };
		D4E0C96A2A055FFA00F990FF /* BalanceTableViewCell.xib in Resources */ = {isa = PBXBuildFile; fileRef = D4E0C9682A055FFA00F990FF /* BalanceTableViewCell.xib */; };
		D4E0C96C2A05649800F990FF /* BalanceTableViewCellVM.swift in Sources */ = {isa = PBXBuildFile; fileRef = D4E0C96B2A05649800F990FF /* BalanceTableViewCellVM.swift */; };
		D4E0C96E2A0564A100F990FF /* BalanceTableViewCellCommon.swift in Sources */ = {isa = PBXBuildFile; fileRef = D4E0C96D2A0564A100F990FF /* BalanceTableViewCellCommon.swift */; };
		D4E0C9732A0583D500F990FF /* Transaction.swift in Sources */ = {isa = PBXBuildFile; fileRef = D4E0C9722A0583D500F990FF /* Transaction.swift */; };
		D4E0C9772A0586A700F990FF /* TransactionTableViewCell.swift in Sources */ = {isa = PBXBuildFile; fileRef = D4E0C9752A0586A700F990FF /* TransactionTableViewCell.swift */; };
		D4E0C9782A0586A700F990FF /* TransactionTableViewCell.xib in Resources */ = {isa = PBXBuildFile; fileRef = D4E0C9762A0586A700F990FF /* TransactionTableViewCell.xib */; };
		D4E0C97E2A061B8000F990FF /* TransactionBalanceCalculator.swift in Sources */ = {isa = PBXBuildFile; fileRef = D4E0C97D2A061B8000F990FF /* TransactionBalanceCalculator.swift */; };
		D4E0C9802A061BA200F990FF /* TransactionBalanceCalculatorImpl.swift in Sources */ = {isa = PBXBuildFile; fileRef = D4E0C97F2A061BA200F990FF /* TransactionBalanceCalculatorImpl.swift */; };
/* End PBXBuildFile section */

/* Begin PBXContainerItemProxy section */
		D4E0C92D2A053FE700F990FF /* PBXContainerItemProxy */ = {
			isa = PBXContainerItemProxy;
			containerPortal = D4E0C90B2A053FE600F990FF /* Project object */;
			proxyType = 1;
			remoteGlobalIDString = D4E0C9122A053FE600F990FF;
			remoteInfo = Transactions;
		};
		D4E0C9372A053FE700F990FF /* PBXContainerItemProxy */ = {
			isa = PBXContainerItemProxy;
			containerPortal = D4E0C90B2A053FE600F990FF /* Project object */;
			proxyType = 1;
			remoteGlobalIDString = D4E0C9122A053FE600F990FF;
			remoteInfo = Transactions;
		};
/* End PBXContainerItemProxy section */

/* Begin PBXFileReference section */
		D4B563E52A06233C007845EB /* TransactionTableViewCellCommon.swift */ = {isa = PBXFileReference; lastKnownFileType = sourcecode.swift; path = TransactionTableViewCellCommon.swift; sourceTree = "<group>"; };
		D4B563E72A06271B007845EB /* TransactionTableViewCellVM.swift */ = {isa = PBXFileReference; lastKnownFileType = sourcecode.swift; path = TransactionTableViewCellVM.swift; sourceTree = "<group>"; };
		D4E0C9132A053FE600F990FF /* Transactions.app */ = {isa = PBXFileReference; explicitFileType = wrapper.application; includeInIndex = 0; path = Transactions.app; sourceTree = BUILT_PRODUCTS_DIR; };
		D4E0C9162A053FE600F990FF /* AppDelegate.swift */ = {isa = PBXFileReference; lastKnownFileType = sourcecode.swift; path = AppDelegate.swift; sourceTree = "<group>"; };
		D4E0C9182A053FE600F990FF /* SceneDelegate.swift */ = {isa = PBXFileReference; lastKnownFileType = sourcecode.swift; path = SceneDelegate.swift; sourceTree = "<group>"; };
		D4E0C9202A053FE600F990FF /* Transactions.xcdatamodel */ = {isa = PBXFileReference; lastKnownFileType = wrapper.xcdatamodel; path = Transactions.xcdatamodel; sourceTree = "<group>"; };
		D4E0C9222A053FE700F990FF /* Assets.xcassets */ = {isa = PBXFileReference; lastKnownFileType = folder.assetcatalog; path = Assets.xcassets; sourceTree = "<group>"; };
		D4E0C9252A053FE700F990FF /* Base */ = {isa = PBXFileReference; lastKnownFileType = file.storyboard; name = Base; path = Base.lproj/LaunchScreen.storyboard; sourceTree = "<group>"; };
		D4E0C9272A053FE700F990FF /* Info.plist */ = {isa = PBXFileReference; lastKnownFileType = text.plist.xml; path = Info.plist; sourceTree = "<group>"; };
		D4E0C92C2A053FE700F990FF /* TransactionsTests.xctest */ = {isa = PBXFileReference; explicitFileType = wrapper.cfbundle; includeInIndex = 0; path = TransactionsTests.xctest; sourceTree = BUILT_PRODUCTS_DIR; };
		D4E0C9302A053FE700F990FF /* TransactionsTests.swift */ = {isa = PBXFileReference; lastKnownFileType = sourcecode.swift; path = TransactionsTests.swift; sourceTree = "<group>"; };
		D4E0C9362A053FE700F990FF /* TransactionsUITests.xctest */ = {isa = PBXFileReference; explicitFileType = wrapper.cfbundle; includeInIndex = 0; path = TransactionsUITests.xctest; sourceTree = BUILT_PRODUCTS_DIR; };
		D4E0C93A2A053FE700F990FF /* TransactionsUITests.swift */ = {isa = PBXFileReference; lastKnownFileType = sourcecode.swift; path = TransactionsUITests.swift; sourceTree = "<group>"; };
		D4E0C93C2A053FE700F990FF /* TransactionsUITestsLaunchTests.swift */ = {isa = PBXFileReference; lastKnownFileType = sourcecode.swift; path = TransactionsUITestsLaunchTests.swift; sourceTree = "<group>"; };
		D4E0C95A2A05421F00F990FF /* TransactionsVC.swift */ = {isa = PBXFileReference; lastKnownFileType = sourcecode.swift; path = TransactionsVC.swift; sourceTree = "<group>"; };
		D4E0C95C2A05423C00F990FF /* TransactionsVM.swift */ = {isa = PBXFileReference; lastKnownFileType = sourcecode.swift; path = TransactionsVM.swift; sourceTree = "<group>"; };
		D4E0C95F2A054BF400F990FF /* TransactionsCommon.swift */ = {isa = PBXFileReference; lastKnownFileType = sourcecode.swift; path = TransactionsCommon.swift; sourceTree = "<group>"; };
		D4E0C9672A055FFA00F990FF /* BalanceTableViewCell.swift */ = {isa = PBXFileReference; lastKnownFileType = sourcecode.swift; path = BalanceTableViewCell.swift; sourceTree = "<group>"; };
		D4E0C9682A055FFA00F990FF /* BalanceTableViewCell.xib */ = {isa = PBXFileReference; lastKnownFileType = file.xib; path = BalanceTableViewCell.xib; sourceTree = "<group>"; };
		D4E0C96B2A05649800F990FF /* BalanceTableViewCellVM.swift */ = {isa = PBXFileReference; lastKnownFileType = sourcecode.swift; path = BalanceTableViewCellVM.swift; sourceTree = "<group>"; };
		D4E0C96D2A0564A100F990FF /* BalanceTableViewCellCommon.swift */ = {isa = PBXFileReference; lastKnownFileType = sourcecode.swift; path = BalanceTableViewCellCommon.swift; sourceTree = "<group>"; };
		D4E0C9722A0583D500F990FF /* Transaction.swift */ = {isa = PBXFileReference; lastKnownFileType = sourcecode.swift; path = Transaction.swift; sourceTree = "<group>"; };
		D4E0C9752A0586A700F990FF /* TransactionTableViewCell.swift */ = {isa = PBXFileReference; lastKnownFileType = sourcecode.swift; path = TransactionTableViewCell.swift; sourceTree = "<group>"; };
		D4E0C9762A0586A700F990FF /* TransactionTableViewCell.xib */ = {isa = PBXFileReference; lastKnownFileType = file.xib; path = TransactionTableViewCell.xib; sourceTree = "<group>"; };
		D4E0C97D2A061B8000F990FF /* TransactionBalanceCalculator.swift */ = {isa = PBXFileReference; lastKnownFileType = sourcecode.swift; path = TransactionBalanceCalculator.swift; sourceTree = "<group>"; };
		D4E0C97F2A061BA200F990FF /* TransactionBalanceCalculatorImpl.swift */ = {isa = PBXFileReference; lastKnownFileType = sourcecode.swift; path = TransactionBalanceCalculatorImpl.swift; sourceTree = "<group>"; };
/* End PBXFileReference section */

/* Begin PBXFrameworksBuildPhase section */
		D4E0C9102A053FE600F990FF /* Frameworks */ = {
			isa = PBXFrameworksBuildPhase;
			buildActionMask = 2147483647;
			files = (
				D4E0C94B2A0540D400F990FF /* DevToolsCore in Frameworks */,
				D4E0C9532A0540D400F990FF /* DevToolsUI in Frameworks */,
				D4E0C94F2A0540D400F990FF /* DevToolsNavigation in Frameworks */,
				D4E0C9512A0540D400F990FF /* DevToolsNetworking in Frameworks */,
				D4E0C94D2A0540D400F990FF /* DevToolsCoreData in Frameworks */,
				D4E0C9562A05410100F990FF /* Swinject in Frameworks */,
			);
			runOnlyForDeploymentPostprocessing = 0;
		};
		D4E0C9292A053FE700F990FF /* Frameworks */ = {
			isa = PBXFrameworksBuildPhase;
			buildActionMask = 2147483647;
			files = (
			);
			runOnlyForDeploymentPostprocessing = 0;
		};
		D4E0C9332A053FE700F990FF /* Frameworks */ = {
			isa = PBXFrameworksBuildPhase;
			buildActionMask = 2147483647;
			files = (
			);
			runOnlyForDeploymentPostprocessing = 0;
		};
/* End PBXFrameworksBuildPhase section */

/* Begin PBXGroup section */
		D4E0C90A2A053FE600F990FF = {
			isa = PBXGroup;
			children = (
				D4E0C9152A053FE600F990FF /* Transactions */,
				D4E0C92F2A053FE700F990FF /* TransactionsTests */,
				D4E0C9392A053FE700F990FF /* TransactionsUITests */,
				D4E0C9142A053FE600F990FF /* Products */,
			);
			sourceTree = "<group>";
		};
		D4E0C9142A053FE600F990FF /* Products */ = {
			isa = PBXGroup;
			children = (
				D4E0C9132A053FE600F990FF /* Transactions.app */,
				D4E0C92C2A053FE700F990FF /* TransactionsTests.xctest */,
				D4E0C9362A053FE700F990FF /* TransactionsUITests.xctest */,
			);
			name = Products;
			sourceTree = "<group>";
		};
		D4E0C9152A053FE600F990FF /* Transactions */ = {
			isa = PBXGroup;
			children = (
				D4E0C9792A0618C300F990FF /* App */,
				D4E0C96F2A05836900F990FF /* Domain */,
				D4E0C9572A0541AE00F990FF /* Presentation */,
				D4E0C9162A053FE600F990FF /* AppDelegate.swift */,
				D4E0C9182A053FE600F990FF /* SceneDelegate.swift */,
				D4E0C9222A053FE700F990FF /* Assets.xcassets */,
				D4E0C9242A053FE700F990FF /* LaunchScreen.storyboard */,
				D4E0C9272A053FE700F990FF /* Info.plist */,
				D4E0C91F2A053FE600F990FF /* Transactions.xcdatamodeld */,
			);
			path = Transactions;
			sourceTree = "<group>";
		};
		D4E0C92F2A053FE700F990FF /* TransactionsTests */ = {
			isa = PBXGroup;
			children = (
				D4E0C9302A053FE700F990FF /* TransactionsTests.swift */,
			);
			path = TransactionsTests;
			sourceTree = "<group>";
		};
		D4E0C9392A053FE700F990FF /* TransactionsUITests */ = {
			isa = PBXGroup;
			children = (
				D4E0C93A2A053FE700F990FF /* TransactionsUITests.swift */,
				D4E0C93C2A053FE700F990FF /* TransactionsUITestsLaunchTests.swift */,
			);
			path = TransactionsUITests;
			sourceTree = "<group>";
		};
		D4E0C9572A0541AE00F990FF /* Presentation */ = {
			isa = PBXGroup;
			children = (
				D4E0C9622A055F4500F990FF /* Components */,
				D4E0C9582A0541B300F990FF /* Screens */,
			);
			path = Presentation;
			sourceTree = "<group>";
		};
		D4E0C9582A0541B300F990FF /* Screens */ = {
			isa = PBXGroup;
			children = (
				D4E0C9592A0541C400F990FF /* Transactions */,
			);
			path = Screens;
			sourceTree = "<group>";
		};
		D4E0C9592A0541C400F990FF /* Transactions */ = {
			isa = PBXGroup;
			children = (
				D4E0C95A2A05421F00F990FF /* TransactionsVC.swift */,
				D4E0C95C2A05423C00F990FF /* TransactionsVM.swift */,
				D4E0C95F2A054BF400F990FF /* TransactionsCommon.swift */,
			);
			path = Transactions;
			sourceTree = "<group>";
		};
		D4E0C9622A055F4500F990FF /* Components */ = {
			isa = PBXGroup;
			children = (
				D4E0C9632A055F4D00F990FF /* UITableViewCell */,
			);
			path = Components;
			sourceTree = "<group>";
		};
		D4E0C9632A055F4D00F990FF /* UITableViewCell */ = {
			isa = PBXGroup;
			children = (
				D4E0C9742A05867300F990FF /* Transaction */,
				D4E0C9642A055F6000F990FF /* Balance */,
			);
			path = UITableViewCell;
			sourceTree = "<group>";
		};
		D4E0C9642A055F6000F990FF /* Balance */ = {
			isa = PBXGroup;
			children = (
				D4E0C9672A055FFA00F990FF /* BalanceTableViewCell.swift */,
				D4E0C9682A055FFA00F990FF /* BalanceTableViewCell.xib */,
				D4E0C96B2A05649800F990FF /* BalanceTableViewCellVM.swift */,
				D4E0C96D2A0564A100F990FF /* BalanceTableViewCellCommon.swift */,
			);
			path = Balance;
			sourceTree = "<group>";
		};
		D4E0C96F2A05836900F990FF /* Domain */ = {
			isa = PBXGroup;
			children = (
				D4E0C97B2A06196300F990FF /* Repositories */,
				D4E0C9702A05838600F990FF /* Models */,
			);
			path = Domain;
			sourceTree = "<group>";
		};
		D4E0C9702A05838600F990FF /* Models */ = {
			isa = PBXGroup;
			children = (
				D4E0C97C2A061B6B00F990FF /* TransactionBalanceCalculator */,
				D4E0C97A2A06194900F990FF /* Transaction */,
			);
			path = Models;
			sourceTree = "<group>";
		};
		D4E0C9742A05867300F990FF /* Transaction */ = {
			isa = PBXGroup;
			children = (
				D4E0C9752A0586A700F990FF /* TransactionTableViewCell.swift */,
				D4E0C9762A0586A700F990FF /* TransactionTableViewCell.xib */,
				D4B563E72A06271B007845EB /* TransactionTableViewCellVM.swift */,
				D4B563E52A06233C007845EB /* TransactionTableViewCellCommon.swift */,
			);
			path = Transaction;
			sourceTree = "<group>";
		};
		D4E0C9792A0618C300F990FF /* App */ = {
			isa = PBXGroup;
			children = (
			);
			path = App;
			sourceTree = "<group>";
		};
		D4E0C97A2A06194900F990FF /* Transaction */ = {
			isa = PBXGroup;
			children = (
				D4E0C9722A0583D500F990FF /* Transaction.swift */,
			);
			path = Transaction;
			sourceTree = "<group>";
		};
		D4E0C97B2A06196300F990FF /* Repositories */ = {
			isa = PBXGroup;
			children = (
			);
			path = Repositories;
			sourceTree = "<group>";
		};
		D4E0C97C2A061B6B00F990FF /* TransactionBalanceCalculator */ = {
			isa = PBXGroup;
			children = (
				D4E0C97D2A061B8000F990FF /* TransactionBalanceCalculator.swift */,
				D4E0C97F2A061BA200F990FF /* TransactionBalanceCalculatorImpl.swift */,
			);
			path = TransactionBalanceCalculator;
			sourceTree = "<group>";
		};
/* End PBXGroup section */

/* Begin PBXNativeTarget section */
		D4E0C9122A053FE600F990FF /* Transactions */ = {
			isa = PBXNativeTarget;
			buildConfigurationList = D4E0C9402A053FE700F990FF /* Build configuration list for PBXNativeTarget "Transactions" */;
			buildPhases = (
				D4E0C90F2A053FE600F990FF /* Sources */,
				D4E0C9102A053FE600F990FF /* Frameworks */,
				D4E0C9112A053FE600F990FF /* Resources */,
			);
			buildRules = (
			);
			dependencies = (
			);
			name = Transactions;
			packageProductDependencies = (
				D4E0C94A2A0540D400F990FF /* DevToolsCore */,
				D4E0C94C2A0540D400F990FF /* DevToolsCoreData */,
				D4E0C94E2A0540D400F990FF /* DevToolsNavigation */,
				D4E0C9502A0540D400F990FF /* DevToolsNetworking */,
				D4E0C9522A0540D400F990FF /* DevToolsUI */,
				D4E0C9552A05410100F990FF /* Swinject */,
			);
			productName = Transactions;
			productReference = D4E0C9132A053FE600F990FF /* Transactions.app */;
			productType = "com.apple.product-type.application";
		};
		D4E0C92B2A053FE700F990FF /* TransactionsTests */ = {
			isa = PBXNativeTarget;
			buildConfigurationList = D4E0C9432A053FE700F990FF /* Build configuration list for PBXNativeTarget "TransactionsTests" */;
			buildPhases = (
				D4E0C9282A053FE700F990FF /* Sources */,
				D4E0C9292A053FE700F990FF /* Frameworks */,
				D4E0C92A2A053FE700F990FF /* Resources */,
			);
			buildRules = (
			);
			dependencies = (
				D4E0C92E2A053FE700F990FF /* PBXTargetDependency */,
			);
			name = TransactionsTests;
			productName = TransactionsTests;
			productReference = D4E0C92C2A053FE700F990FF /* TransactionsTests.xctest */;
			productType = "com.apple.product-type.bundle.unit-test";
		};
		D4E0C9352A053FE700F990FF /* TransactionsUITests */ = {
			isa = PBXNativeTarget;
			buildConfigurationList = D4E0C9462A053FE700F990FF /* Build configuration list for PBXNativeTarget "TransactionsUITests" */;
			buildPhases = (
				D4E0C9322A053FE700F990FF /* Sources */,
				D4E0C9332A053FE700F990FF /* Frameworks */,
				D4E0C9342A053FE700F990FF /* Resources */,
			);
			buildRules = (
			);
			dependencies = (
				D4E0C9382A053FE700F990FF /* PBXTargetDependency */,
			);
			name = TransactionsUITests;
			productName = TransactionsUITests;
			productReference = D4E0C9362A053FE700F990FF /* TransactionsUITests.xctest */;
			productType = "com.apple.product-type.bundle.ui-testing";
		};
/* End PBXNativeTarget section */

/* Begin PBXProject section */
		D4E0C90B2A053FE600F990FF /* Project object */ = {
			isa = PBXProject;
			attributes = {
				BuildIndependentTargetsInParallel = 1;
				LastSwiftUpdateCheck = 1420;
				LastUpgradeCheck = 1420;
				TargetAttributes = {
					D4E0C9122A053FE600F990FF = {
						CreatedOnToolsVersion = 14.2;
					};
					D4E0C92B2A053FE700F990FF = {
						CreatedOnToolsVersion = 14.2;
						TestTargetID = D4E0C9122A053FE600F990FF;
					};
					D4E0C9352A053FE700F990FF = {
						CreatedOnToolsVersion = 14.2;
						TestTargetID = D4E0C9122A053FE600F990FF;
					};
				};
			};
			buildConfigurationList = D4E0C90E2A053FE600F990FF /* Build configuration list for PBXProject "Transactions" */;
			compatibilityVersion = "Xcode 14.0";
			developmentRegion = en;
			hasScannedForEncodings = 0;
			knownRegions = (
				en,
				Base,
			);
			mainGroup = D4E0C90A2A053FE600F990FF;
			packageReferences = (
				D4E0C9492A0540D400F990FF /* XCRemoteSwiftPackageReference "DevTools-Swift" */,
				D4E0C9542A05410100F990FF /* XCRemoteSwiftPackageReference "Swinject" */,
			);
			productRefGroup = D4E0C9142A053FE600F990FF /* Products */;
			projectDirPath = "";
			projectRoot = "";
			targets = (
				D4E0C9122A053FE600F990FF /* Transactions */,
				D4E0C92B2A053FE700F990FF /* TransactionsTests */,
				D4E0C9352A053FE700F990FF /* TransactionsUITests */,
			);
		};
/* End PBXProject section */

/* Begin PBXResourcesBuildPhase section */
		D4E0C9112A053FE600F990FF /* Resources */ = {
			isa = PBXResourcesBuildPhase;
			buildActionMask = 2147483647;
			files = (
				D4E0C9262A053FE700F990FF /* LaunchScreen.storyboard in Resources */,
				D4E0C96A2A055FFA00F990FF /* BalanceTableViewCell.xib in Resources */,
				D4E0C9782A0586A700F990FF /* TransactionTableViewCell.xib in Resources */,
				D4E0C9232A053FE700F990FF /* Assets.xcassets in Resources */,
			);
			runOnlyForDeploymentPostprocessing = 0;
		};
		D4E0C92A2A053FE700F990FF /* Resources */ = {
			isa = PBXResourcesBuildPhase;
			buildActionMask = 2147483647;
			files = (
			);
			runOnlyForDeploymentPostprocessing = 0;
		};
		D4E0C9342A053FE700F990FF /* Resources */ = {
			isa = PBXResourcesBuildPhase;
			buildActionMask = 2147483647;
			files = (
			);
			runOnlyForDeploymentPostprocessing = 0;
		};
/* End PBXResourcesBuildPhase section */

/* Begin PBXSourcesBuildPhase section */
		D4E0C90F2A053FE600F990FF /* Sources */ = {
			isa = PBXSourcesBuildPhase;
			buildActionMask = 2147483647;
			files = (
				D4E0C9172A053FE600F990FF /* AppDelegate.swift in Sources */,
				D4E0C9772A0586A700F990FF /* TransactionTableViewCell.swift in Sources */,
				D4E0C9212A053FE600F990FF /* Transactions.xcdatamodeld in Sources */,
				D4E0C95D2A05423C00F990FF /* TransactionsVM.swift in Sources */,
				D4E0C96C2A05649800F990FF /* BalanceTableViewCellVM.swift in Sources */,
				D4E0C9732A0583D500F990FF /* Transaction.swift in Sources */,
				D4E0C9802A061BA200F990FF /* TransactionBalanceCalculatorImpl.swift in Sources */,
				D4E0C96E2A0564A100F990FF /* BalanceTableViewCellCommon.swift in Sources */,
				D4E0C97E2A061B8000F990FF /* TransactionBalanceCalculator.swift in Sources */,
				D4E0C9192A053FE600F990FF /* SceneDelegate.swift in Sources */,
				D4E0C9602A054BF400F990FF /* TransactionsCommon.swift in Sources */,
				D4E0C9692A055FFA00F990FF /* BalanceTableViewCell.swift in Sources */,
				D4B563E82A06271B007845EB /* TransactionTableViewCellVM.swift in Sources */,
				D4E0C95B2A05421F00F990FF /* TransactionsVC.swift in Sources */,
				D4B563E62A06233C007845EB /* TransactionTableViewCellCommon.swift in Sources */,
			);
			runOnlyForDeploymentPostprocessing = 0;
		};
		D4E0C9282A053FE700F990FF /* Sources */ = {
			isa = PBXSourcesBuildPhase;
			buildActionMask = 2147483647;
			files = (
				D4E0C9312A053FE700F990FF /* TransactionsTests.swift in Sources */,
			);
			runOnlyForDeploymentPostprocessing = 0;
		};
		D4E0C9322A053FE700F990FF /* Sources */ = {
			isa = PBXSourcesBuildPhase;
			buildActionMask = 2147483647;
			files = (
				D4E0C93B2A053FE700F990FF /* TransactionsUITests.swift in Sources */,
				D4E0C93D2A053FE700F990FF /* TransactionsUITestsLaunchTests.swift in Sources */,
			);
			runOnlyForDeploymentPostprocessing = 0;
		};
/* End PBXSourcesBuildPhase section */

/* Begin PBXTargetDependency section */
		D4E0C92E2A053FE700F990FF /* PBXTargetDependency */ = {
			isa = PBXTargetDependency;
			target = D4E0C9122A053FE600F990FF /* Transactions */;
			targetProxy = D4E0C92D2A053FE700F990FF /* PBXContainerItemProxy */;
		};
		D4E0C9382A053FE700F990FF /* PBXTargetDependency */ = {
			isa = PBXTargetDependency;
			target = D4E0C9122A053FE600F990FF /* Transactions */;
			targetProxy = D4E0C9372A053FE700F990FF /* PBXContainerItemProxy */;
		};
/* End PBXTargetDependency section */

/* Begin PBXVariantGroup section */
		D4E0C9242A053FE700F990FF /* LaunchScreen.storyboard */ = {
			isa = PBXVariantGroup;
			children = (
				D4E0C9252A053FE700F990FF /* Base */,
			);
			name = LaunchScreen.storyboard;
			sourceTree = "<group>";
		};
/* End PBXVariantGroup section */

/* Begin XCBuildConfiguration section */
		D4E0C93E2A053FE700F990FF /* Debug */ = {
			isa = XCBuildConfiguration;
			buildSettings = {
				ALWAYS_SEARCH_USER_PATHS = NO;
				CLANG_ANALYZER_NONNULL = YES;
				CLANG_ANALYZER_NUMBER_OBJECT_CONVERSION = YES_AGGRESSIVE;
				CLANG_CXX_LANGUAGE_STANDARD = "gnu++20";
				CLANG_ENABLE_MODULES = YES;
				CLANG_ENABLE_OBJC_ARC = YES;
				CLANG_ENABLE_OBJC_WEAK = YES;
				CLANG_WARN_BLOCK_CAPTURE_AUTORELEASING = YES;
				CLANG_WARN_BOOL_CONVERSION = YES;
				CLANG_WARN_COMMA = YES;
				CLANG_WARN_CONSTANT_CONVERSION = YES;
				CLANG_WARN_DEPRECATED_OBJC_IMPLEMENTATIONS = YES;
				CLANG_WARN_DIRECT_OBJC_ISA_USAGE = YES_ERROR;
				CLANG_WARN_DOCUMENTATION_COMMENTS = YES;
				CLANG_WARN_EMPTY_BODY = YES;
				CLANG_WARN_ENUM_CONVERSION = YES;
				CLANG_WARN_INFINITE_RECURSION = YES;
				CLANG_WARN_INT_CONVERSION = YES;
				CLANG_WARN_NON_LITERAL_NULL_CONVERSION = YES;
				CLANG_WARN_OBJC_IMPLICIT_RETAIN_SELF = YES;
				CLANG_WARN_OBJC_LITERAL_CONVERSION = YES;
				CLANG_WARN_OBJC_ROOT_CLASS = YES_ERROR;
				CLANG_WARN_QUOTED_INCLUDE_IN_FRAMEWORK_HEADER = YES;
				CLANG_WARN_RANGE_LOOP_ANALYSIS = YES;
				CLANG_WARN_STRICT_PROTOTYPES = YES;
				CLANG_WARN_SUSPICIOUS_MOVE = YES;
				CLANG_WARN_UNGUARDED_AVAILABILITY = YES_AGGRESSIVE;
				CLANG_WARN_UNREACHABLE_CODE = YES;
				CLANG_WARN__DUPLICATE_METHOD_MATCH = YES;
				COPY_PHASE_STRIP = NO;
				DEBUG_INFORMATION_FORMAT = dwarf;
				ENABLE_STRICT_OBJC_MSGSEND = YES;
				ENABLE_TESTABILITY = YES;
				GCC_C_LANGUAGE_STANDARD = gnu11;
				GCC_DYNAMIC_NO_PIC = NO;
				GCC_NO_COMMON_BLOCKS = YES;
				GCC_OPTIMIZATION_LEVEL = 0;
				GCC_PREPROCESSOR_DEFINITIONS = (
					"DEBUG=1",
					"$(inherited)",
				);
				GCC_WARN_64_TO_32_BIT_CONVERSION = YES;
				GCC_WARN_ABOUT_RETURN_TYPE = YES_ERROR;
				GCC_WARN_UNDECLARED_SELECTOR = YES;
				GCC_WARN_UNINITIALIZED_AUTOS = YES_AGGRESSIVE;
				GCC_WARN_UNUSED_FUNCTION = YES;
				GCC_WARN_UNUSED_VARIABLE = YES;
				IPHONEOS_DEPLOYMENT_TARGET = 16.2;
				MTL_ENABLE_DEBUG_INFO = INCLUDE_SOURCE;
				MTL_FAST_MATH = YES;
				ONLY_ACTIVE_ARCH = YES;
				SDKROOT = iphoneos;
				SWIFT_ACTIVE_COMPILATION_CONDITIONS = DEBUG;
				SWIFT_OPTIMIZATION_LEVEL = "-Onone";
			};
			name = Debug;
		};
		D4E0C93F2A053FE700F990FF /* Release */ = {
			isa = XCBuildConfiguration;
			buildSettings = {
				ALWAYS_SEARCH_USER_PATHS = NO;
				CLANG_ANALYZER_NONNULL = YES;
				CLANG_ANALYZER_NUMBER_OBJECT_CONVERSION = YES_AGGRESSIVE;
				CLANG_CXX_LANGUAGE_STANDARD = "gnu++20";
				CLANG_ENABLE_MODULES = YES;
				CLANG_ENABLE_OBJC_ARC = YES;
				CLANG_ENABLE_OBJC_WEAK = YES;
				CLANG_WARN_BLOCK_CAPTURE_AUTORELEASING = YES;
				CLANG_WARN_BOOL_CONVERSION = YES;
				CLANG_WARN_COMMA = YES;
				CLANG_WARN_CONSTANT_CONVERSION = YES;
				CLANG_WARN_DEPRECATED_OBJC_IMPLEMENTATIONS = YES;
				CLANG_WARN_DIRECT_OBJC_ISA_USAGE = YES_ERROR;
				CLANG_WARN_DOCUMENTATION_COMMENTS = YES;
				CLANG_WARN_EMPTY_BODY = YES;
				CLANG_WARN_ENUM_CONVERSION = YES;
				CLANG_WARN_INFINITE_RECURSION = YES;
				CLANG_WARN_INT_CONVERSION = YES;
				CLANG_WARN_NON_LITERAL_NULL_CONVERSION = YES;
				CLANG_WARN_OBJC_IMPLICIT_RETAIN_SELF = YES;
				CLANG_WARN_OBJC_LITERAL_CONVERSION = YES;
				CLANG_WARN_OBJC_ROOT_CLASS = YES_ERROR;
				CLANG_WARN_QUOTED_INCLUDE_IN_FRAMEWORK_HEADER = YES;
				CLANG_WARN_RANGE_LOOP_ANALYSIS = YES;
				CLANG_WARN_STRICT_PROTOTYPES = YES;
				CLANG_WARN_SUSPICIOUS_MOVE = YES;
				CLANG_WARN_UNGUARDED_AVAILABILITY = YES_AGGRESSIVE;
				CLANG_WARN_UNREACHABLE_CODE = YES;
				CLANG_WARN__DUPLICATE_METHOD_MATCH = YES;
				COPY_PHASE_STRIP = NO;
				DEBUG_INFORMATION_FORMAT = "dwarf-with-dsym";
				ENABLE_NS_ASSERTIONS = NO;
				ENABLE_STRICT_OBJC_MSGSEND = YES;
				GCC_C_LANGUAGE_STANDARD = gnu11;
				GCC_NO_COMMON_BLOCKS = YES;
				GCC_WARN_64_TO_32_BIT_CONVERSION = YES;
				GCC_WARN_ABOUT_RETURN_TYPE = YES_ERROR;
				GCC_WARN_UNDECLARED_SELECTOR = YES;
				GCC_WARN_UNINITIALIZED_AUTOS = YES_AGGRESSIVE;
				GCC_WARN_UNUSED_FUNCTION = YES;
				GCC_WARN_UNUSED_VARIABLE = YES;
				IPHONEOS_DEPLOYMENT_TARGET = 16.2;
				MTL_ENABLE_DEBUG_INFO = NO;
				MTL_FAST_MATH = YES;
				SDKROOT = iphoneos;
				SWIFT_COMPILATION_MODE = wholemodule;
				SWIFT_OPTIMIZATION_LEVEL = "-O";
				VALIDATE_PRODUCT = YES;
			};
			name = Release;
		};
		D4E0C9412A053FE700F990FF /* Debug */ = {
			isa = XCBuildConfiguration;
			buildSettings = {
				ASSETCATALOG_COMPILER_APPICON_NAME = AppIcon;
				ASSETCATALOG_COMPILER_GLOBAL_ACCENT_COLOR_NAME = AccentColor;
				CODE_SIGN_STYLE = Automatic;
				CURRENT_PROJECT_VERSION = 1;
				DEVELOPMENT_TEAM = PA272Y5JK8;
				GENERATE_INFOPLIST_FILE = YES;
				INFOPLIST_FILE = Transactions/Info.plist;
				INFOPLIST_KEY_UIApplicationSupportsIndirectInputEvents = YES;
				INFOPLIST_KEY_UILaunchStoryboardName = LaunchScreen;
				INFOPLIST_KEY_UISupportedInterfaceOrientations_iPad = "UIInterfaceOrientationPortrait UIInterfaceOrientationPortraitUpsideDown UIInterfaceOrientationLandscapeLeft UIInterfaceOrientationLandscapeRight";
				INFOPLIST_KEY_UISupportedInterfaceOrientations_iPhone = "UIInterfaceOrientationPortrait UIInterfaceOrientationLandscapeLeft UIInterfaceOrientationLandscapeRight";
				LD_RUNPATH_SEARCH_PATHS = (
					"$(inherited)",
					"@executable_path/Frameworks",
				);
				MARKETING_VERSION = 1.0;
				PRODUCT_BUNDLE_IDENTIFIER = com.hardijs.Transactions;
				PRODUCT_NAME = "$(TARGET_NAME)";
				SWIFT_EMIT_LOC_STRINGS = YES;
				SWIFT_VERSION = 5.0;
				TARGETED_DEVICE_FAMILY = "1,2";
			};
			name = Debug;
		};
		D4E0C9422A053FE700F990FF /* Release */ = {
			isa = XCBuildConfiguration;
			buildSettings = {
				ASSETCATALOG_COMPILER_APPICON_NAME = AppIcon;
				ASSETCATALOG_COMPILER_GLOBAL_ACCENT_COLOR_NAME = AccentColor;
				CODE_SIGN_STYLE = Automatic;
				CURRENT_PROJECT_VERSION = 1;
				DEVELOPMENT_TEAM = PA272Y5JK8;
				GENERATE_INFOPLIST_FILE = YES;
				INFOPLIST_FILE = Transactions/Info.plist;
				INFOPLIST_KEY_UIApplicationSupportsIndirectInputEvents = YES;
				INFOPLIST_KEY_UILaunchStoryboardName = LaunchScreen;
				INFOPLIST_KEY_UISupportedInterfaceOrientations_iPad = "UIInterfaceOrientationPortrait UIInterfaceOrientationPortraitUpsideDown UIInterfaceOrientationLandscapeLeft UIInterfaceOrientationLandscapeRight";
				INFOPLIST_KEY_UISupportedInterfaceOrientations_iPhone = "UIInterfaceOrientationPortrait UIInterfaceOrientationLandscapeLeft UIInterfaceOrientationLandscapeRight";
				LD_RUNPATH_SEARCH_PATHS = (
					"$(inherited)",
					"@executable_path/Frameworks",
				);
				MARKETING_VERSION = 1.0;
				PRODUCT_BUNDLE_IDENTIFIER = com.hardijs.Transactions;
				PRODUCT_NAME = "$(TARGET_NAME)";
				SWIFT_EMIT_LOC_STRINGS = YES;
				SWIFT_VERSION = 5.0;
				TARGETED_DEVICE_FAMILY = "1,2";
			};
			name = Release;
		};
		D4E0C9442A053FE700F990FF /* Debug */ = {
			isa = XCBuildConfiguration;
			buildSettings = {
				ALWAYS_EMBED_SWIFT_STANDARD_LIBRARIES = YES;
				BUNDLE_LOADER = "$(TEST_HOST)";
				CODE_SIGN_STYLE = Automatic;
				CURRENT_PROJECT_VERSION = 1;
				DEVELOPMENT_TEAM = PA272Y5JK8;
				GENERATE_INFOPLIST_FILE = YES;
				IPHONEOS_DEPLOYMENT_TARGET = 16.2;
				MARKETING_VERSION = 1.0;
				PRODUCT_BUNDLE_IDENTIFIER = com.hardijs.TransactionsTests;
				PRODUCT_NAME = "$(TARGET_NAME)";
				SWIFT_EMIT_LOC_STRINGS = NO;
				SWIFT_VERSION = 5.0;
				TARGETED_DEVICE_FAMILY = "1,2";
				TEST_HOST = "$(BUILT_PRODUCTS_DIR)/Transactions.app/$(BUNDLE_EXECUTABLE_FOLDER_PATH)/Transactions";
			};
			name = Debug;
		};
		D4E0C9452A053FE700F990FF /* Release */ = {
			isa = XCBuildConfiguration;
			buildSettings = {
				ALWAYS_EMBED_SWIFT_STANDARD_LIBRARIES = YES;
				BUNDLE_LOADER = "$(TEST_HOST)";
				CODE_SIGN_STYLE = Automatic;
				CURRENT_PROJECT_VERSION = 1;
				DEVELOPMENT_TEAM = PA272Y5JK8;
				GENERATE_INFOPLIST_FILE = YES;
				IPHONEOS_DEPLOYMENT_TARGET = 16.2;
				MARKETING_VERSION = 1.0;
				PRODUCT_BUNDLE_IDENTIFIER = com.hardijs.TransactionsTests;
				PRODUCT_NAME = "$(TARGET_NAME)";
				SWIFT_EMIT_LOC_STRINGS = NO;
				SWIFT_VERSION = 5.0;
				TARGETED_DEVICE_FAMILY = "1,2";
				TEST_HOST = "$(BUILT_PRODUCTS_DIR)/Transactions.app/$(BUNDLE_EXECUTABLE_FOLDER_PATH)/Transactions";
			};
			name = Release;
		};
		D4E0C9472A053FE700F990FF /* Debug */ = {
			isa = XCBuildConfiguration;
			buildSettings = {
				ALWAYS_EMBED_SWIFT_STANDARD_LIBRARIES = YES;
				CODE_SIGN_STYLE = Automatic;
				CURRENT_PROJECT_VERSION = 1;
				DEVELOPMENT_TEAM = PA272Y5JK8;
				GENERATE_INFOPLIST_FILE = YES;
				MARKETING_VERSION = 1.0;
				PRODUCT_BUNDLE_IDENTIFIER = com.hardijs.TransactionsUITests;
				PRODUCT_NAME = "$(TARGET_NAME)";
				SWIFT_EMIT_LOC_STRINGS = NO;
				SWIFT_VERSION = 5.0;
				TARGETED_DEVICE_FAMILY = "1,2";
				TEST_TARGET_NAME = Transactions;
			};
			name = Debug;
		};
		D4E0C9482A053FE700F990FF /* Release */ = {
			isa = XCBuildConfiguration;
			buildSettings = {
				ALWAYS_EMBED_SWIFT_STANDARD_LIBRARIES = YES;
				CODE_SIGN_STYLE = Automatic;
				CURRENT_PROJECT_VERSION = 1;
				DEVELOPMENT_TEAM = PA272Y5JK8;
				GENERATE_INFOPLIST_FILE = YES;
				MARKETING_VERSION = 1.0;
				PRODUCT_BUNDLE_IDENTIFIER = com.hardijs.TransactionsUITests;
				PRODUCT_NAME = "$(TARGET_NAME)";
				SWIFT_EMIT_LOC_STRINGS = NO;
				SWIFT_VERSION = 5.0;
				TARGETED_DEVICE_FAMILY = "1,2";
				TEST_TARGET_NAME = Transactions;
			};
			name = Release;
		};
/* End XCBuildConfiguration section */

/* Begin XCConfigurationList section */
		D4E0C90E2A053FE600F990FF /* Build configuration list for PBXProject "Transactions" */ = {
			isa = XCConfigurationList;
			buildConfigurations = (
				D4E0C93E2A053FE700F990FF /* Debug */,
				D4E0C93F2A053FE700F990FF /* Release */,
			);
			defaultConfigurationIsVisible = 0;
			defaultConfigurationName = Release;
		};
		D4E0C9402A053FE700F990FF /* Build configuration list for PBXNativeTarget "Transactions" */ = {
			isa = XCConfigurationList;
			buildConfigurations = (
				D4E0C9412A053FE700F990FF /* Debug */,
				D4E0C9422A053FE700F990FF /* Release */,
			);
			defaultConfigurationIsVisible = 0;
			defaultConfigurationName = Release;
		};
		D4E0C9432A053FE700F990FF /* Build configuration list for PBXNativeTarget "TransactionsTests" */ = {
			isa = XCConfigurationList;
			buildConfigurations = (
				D4E0C9442A053FE700F990FF /* Debug */,
				D4E0C9452A053FE700F990FF /* Release */,
			);
			defaultConfigurationIsVisible = 0;
			defaultConfigurationName = Release;
		};
		D4E0C9462A053FE700F990FF /* Build configuration list for PBXNativeTarget "TransactionsUITests" */ = {
			isa = XCConfigurationList;
			buildConfigurations = (
				D4E0C9472A053FE700F990FF /* Debug */,
				D4E0C9482A053FE700F990FF /* Release */,
			);
			defaultConfigurationIsVisible = 0;
			defaultConfigurationName = Release;
		};
/* End XCConfigurationList section */

/* Begin XCRemoteSwiftPackageReference section */
		D4E0C9492A0540D400F990FF /* XCRemoteSwiftPackageReference "DevTools-Swift" */ = {
			isa = XCRemoteSwiftPackageReference;
			repositoryURL = "https://github.com/hk14004/DevTools-Swift";
			requirement = {
				branch = development;
				kind = branch;
			};
		};
		D4E0C9542A05410100F990FF /* XCRemoteSwiftPackageReference "Swinject" */ = {
			isa = XCRemoteSwiftPackageReference;
			repositoryURL = "https://github.com/Swinject/Swinject";
			requirement = {
				kind = upToNextMajorVersion;
				minimumVersion = 2.0.0;
			};
		};
/* End XCRemoteSwiftPackageReference section */

/* Begin XCSwiftPackageProductDependency section */
		D4E0C94A2A0540D400F990FF /* DevToolsCore */ = {
			isa = XCSwiftPackageProductDependency;
			package = D4E0C9492A0540D400F990FF /* XCRemoteSwiftPackageReference "DevTools-Swift" */;
			productName = DevToolsCore;
		};
		D4E0C94C2A0540D400F990FF /* DevToolsCoreData */ = {
			isa = XCSwiftPackageProductDependency;
			package = D4E0C9492A0540D400F990FF /* XCRemoteSwiftPackageReference "DevTools-Swift" */;
			productName = DevToolsCoreData;
		};
		D4E0C94E2A0540D400F990FF /* DevToolsNavigation */ = {
			isa = XCSwiftPackageProductDependency;
			package = D4E0C9492A0540D400F990FF /* XCRemoteSwiftPackageReference "DevTools-Swift" */;
			productName = DevToolsNavigation;
		};
		D4E0C9502A0540D400F990FF /* DevToolsNetworking */ = {
			isa = XCSwiftPackageProductDependency;
			package = D4E0C9492A0540D400F990FF /* XCRemoteSwiftPackageReference "DevTools-Swift" */;
			productName = DevToolsNetworking;
		};
		D4E0C9522A0540D400F990FF /* DevToolsUI */ = {
			isa = XCSwiftPackageProductDependency;
			package = D4E0C9492A0540D400F990FF /* XCRemoteSwiftPackageReference "DevTools-Swift" */;
			productName = DevToolsUI;
		};
		D4E0C9552A05410100F990FF /* Swinject */ = {
			isa = XCSwiftPackageProductDependency;
			package = D4E0C9542A05410100F990FF /* XCRemoteSwiftPackageReference "Swinject" */;
			productName = Swinject;
		};
/* End XCSwiftPackageProductDependency section */

/* Begin XCVersionGroup section */
		D4E0C91F2A053FE600F990FF /* Transactions.xcdatamodeld */ = {
			isa = XCVersionGroup;
			children = (
				D4E0C9202A053FE600F990FF /* Transactions.xcdatamodel */,
			);
			currentVersion = D4E0C9202A053FE600F990FF /* Transactions.xcdatamodel */;
			path = Transactions.xcdatamodeld;
			sourceTree = "<group>";
			versionGroupType = wrapper.xcdatamodel;
		};
/* End XCVersionGroup section */
	};
	rootObject = D4E0C90B2A053FE600F990FF /* Project object */;
}
